
Microsoft Visual Studio Solution File, Format Version 12.00
# Visual Studio Version 17
VisualStudioVersion = 17.0.32014.148
MinimumVisualStudioVersion = 10.0.40219.1
Project("{9A19103F-16F7-4668-BE54-9A1E7A4F7556}") = "Email", "Email\Email.csproj", "{FC922450-ABA7-41B7-8C0E-996D2EED941E}"
EndProject
Project("{9A19103F-16F7-4668-BE54-9A1E7A4F7556}") = "ExtensionMethods", "ExtensionMethods\ExtensionMethods.csproj", "{A5671410-DBA1-4836-8D17-154FF4EF1CF7}"
EndProject
Project("{9A19103F-16F7-4668-BE54-9A1E7A4F7556}") = "Examples", "Examples\Examples.csproj", "{D97442C7-F357-469F-97BC-AE71C130E58F}"
EndProject
Project("{2150E333-8FDC-42A3-9474-1A3956D46DE8}") = "Solution Items", "Solution Items", "{334F0C80-E07B-4E09-AE2D-1F14EE50C7D2}"
	ProjectSection(SolutionItems) = preProject
		.editorconfig = .editorconfig
	EndProjectSection
EndProject
Project("{9A19103F-16F7-4668-BE54-9A1E7A4F7556}") = "PostJson", "PostJson\PostJson.csproj", "{049E88DC-C780-45A6-82FB-4D6F61C3E706}"
EndProject
Project("{FAE04EC0-301F-11D3-BF4B-00C04F79EFBC}") = "WcfService", "WcfService\WcfService.csproj", "{CF00E936-410E-4A74-BE39-B4636019A084}"
EndProject
Project("{9A19103F-16F7-4668-BE54-9A1E7A4F7556}") = "WindowsWebBrowser", "ChromiumWebBrowser\WindowsWebBrowser.csproj", "{19471F45-C026-4331-9DCB-DB0A850A7E43}"
EndProject
Project("{FAE04EC0-301F-11D3-BF4B-00C04F79EFBC}") = "WindowsService", "WindowsService\WindowsService.csproj", "{BFE1C9CC-609D-47A6-92E8-236B002ED0FD}"
EndProject
Project("{9A19103F-16F7-4668-BE54-9A1E7A4F7556}") = "WebApi", "WebApi\WebApi.csproj", "{867D227E-5602-4D1A-927F-A2761ABFD9A3}"
EndProject
Project("{9A19103F-16F7-4668-BE54-9A1E7A4F7556}") = "Encryption", "Encryption\Encryption.csproj", "{A653C65C-EB3A-4326-B9E6-CF21FAB5302B}"
EndProject
Project("{FAE04EC0-301F-11D3-BF4B-00C04F79EFBC}") = "AspNetApplication", "AspNetApplication\AspNetApplication.csproj", "{68206F1D-39BA-4CB0-938F-477719A3DAF0}"
EndProject
Project("{9A19103F-16F7-4668-BE54-9A1E7A4F7556}") = "TreeView", "TreeView\TreeView\TreeView.csproj", "{930B24A8-91C4-465C-8ACB-0194E18FA975}"
EndProject
Project("{00D1A9C2-B5F0-4AF3-8072-F6C62B433612}") = "SqlSnippets", "SqlSnippets\SqlSnippets.sqlproj", "{E64762AD-AAFF-4D5C-B10B-171DD7481BFF}"
EndProject
Project("{FAE04EC0-301F-11D3-BF4B-00C04F79EFBC}") = "Encryptions", "Encryptions\Encryptions.csproj", "{ECAF22E5-62D6-4124-ADFC-E19A5FBC9AC9}"
EndProject
Global
	GlobalSection(SolutionConfigurationPlatforms) = preSolution
		Debug|Any CPU = Debug|Any CPU
		Release|Any CPU = Release|Any CPU
	EndGlobalSection
	GlobalSection(ProjectConfigurationPlatforms) = postSolution
		{FC922450-ABA7-41B7-8C0E-996D2EED941E}.Debug|Any CPU.ActiveCfg = Debug|Any CPU
		{FC922450-ABA7-41B7-8C0E-996D2EED941E}.Debug|Any CPU.Build.0 = Debug|Any CPU
		{FC922450-ABA7-41B7-8C0E-996D2EED941E}.Release|Any CPU.ActiveCfg = Release|Any CPU
		{FC922450-ABA7-41B7-8C0E-996D2EED941E}.Release|Any CPU.Build.0 = Release|Any CPU
		{A5671410-DBA1-4836-8D17-154FF4EF1CF7}.Debug|Any CPU.ActiveCfg = Debug|Any CPU
		{A5671410-DBA1-4836-8D17-154FF4EF1CF7}.Debug|Any CPU.Build.0 = Debug|Any CPU
		{A5671410-DBA1-4836-8D17-154FF4EF1CF7}.Release|Any CPU.ActiveCfg = Release|Any CPU
		{A5671410-DBA1-4836-8D17-154FF4EF1CF7}.Release|Any CPU.Build.0 = Release|Any CPU
		{D97442C7-F357-469F-97BC-AE71C130E58F}.Debug|Any CPU.ActiveCfg = Debug|Any CPU
		{D97442C7-F357-469F-97BC-AE71C130E58F}.Debug|Any CPU.Build.0 = Debug|Any CPU
		{D97442C7-F357-469F-97BC-AE71C130E58F}.Release|Any CPU.ActiveCfg = Release|Any CPU
		{D97442C7-F357-469F-97BC-AE71C130E58F}.Release|Any CPU.Build.0 = Release|Any CPU
		{049E88DC-C780-45A6-82FB-4D6F61C3E706}.Debug|Any CPU.ActiveCfg = Debug|Any CPU
		{049E88DC-C780-45A6-82FB-4D6F61C3E706}.Debug|Any CPU.Build.0 = Debug|Any CPU
		{049E88DC-C780-45A6-82FB-4D6F61C3E706}.Release|Any CPU.ActiveCfg = Release|Any CPU
		{049E88DC-C780-45A6-82FB-4D6F61C3E706}.Release|Any CPU.Build.0 = Release|Any CPU
		{CF00E936-410E-4A74-BE39-B4636019A084}.Debug|Any CPU.ActiveCfg = Debug|Any CPU
		{CF00E936-410E-4A74-BE39-B4636019A084}.Debug|Any CPU.Build.0 = Debug|Any CPU
		{CF00E936-410E-4A74-BE39-B4636019A084}.Release|Any CPU.ActiveCfg = Release|Any CPU
		{CF00E936-410E-4A74-BE39-B4636019A084}.Release|Any CPU.Build.0 = Release|Any CPU
		{19471F45-C026-4331-9DCB-DB0A850A7E43}.Debug|Any CPU.ActiveCfg = Debug|Any CPU
		{19471F45-C026-4331-9DCB-DB0A850A7E43}.Debug|Any CPU.Build.0 = Debug|Any CPU
		{19471F45-C026-4331-9DCB-DB0A850A7E43}.Release|Any CPU.ActiveCfg = Release|Any CPU
		{19471F45-C026-4331-9DCB-DB0A850A7E43}.Release|Any CPU.Build.0 = Release|Any CPU
		{BFE1C9CC-609D-47A6-92E8-236B002ED0FD}.Debug|Any CPU.ActiveCfg = Debug|Any CPU
		{BFE1C9CC-609D-47A6-92E8-236B002ED0FD}.Debug|Any CPU.Build.0 = Debug|Any CPU
		{BFE1C9CC-609D-47A6-92E8-236B002ED0FD}.Release|Any CPU.ActiveCfg = Release|Any CPU
		{BFE1C9CC-609D-47A6-92E8-236B002ED0FD}.Release|Any CPU.Build.0 = Release|Any CPU
		{867D227E-5602-4D1A-927F-A2761ABFD9A3}.Debug|Any CPU.ActiveCfg = Debug|Any CPU
		{867D227E-5602-4D1A-927F-A2761ABFD9A3}.Debug|Any CPU.Build.0 = Debug|Any CPU
		{867D227E-5602-4D1A-927F-A2761ABFD9A3}.Release|Any CPU.ActiveCfg = Release|Any CPU
		{867D227E-5602-4D1A-927F-A2761ABFD9A3}.Release|Any CPU.Build.0 = Release|Any CPU
		{A653C65C-EB3A-4326-B9E6-CF21FAB5302B}.Debug|Any CPU.ActiveCfg = Debug|Any CPU
		{A653C65C-EB3A-4326-B9E6-CF21FAB5302B}.Debug|Any CPU.Build.0 = Debug|Any CPU
		{A653C65C-EB3A-4326-B9E6-CF21FAB5302B}.Release|Any CPU.ActiveCfg = Release|Any CPU
		{A653C65C-EB3A-4326-B9E6-CF21FAB5302B}.Release|Any CPU.Build.0 = Release|Any CPU
		{68206F1D-39BA-4CB0-938F-477719A3DAF0}.Debug|Any CPU.ActiveCfg = Debug|Any CPU
		{68206F1D-39BA-4CB0-938F-477719A3DAF0}.Debug|Any CPU.Build.0 = Debug|Any CPU
		{68206F1D-39BA-4CB0-938F-477719A3DAF0}.Release|Any CPU.ActiveCfg = Release|Any CPU
		{68206F1D-39BA-4CB0-938F-477719A3DAF0}.Release|Any CPU.Build.0 = Release|Any CPU
		{930B24A8-91C4-465C-8ACB-0194E18FA975}.Debug|Any CPU.ActiveCfg = Debug|Any CPU
		{930B24A8-91C4-465C-8ACB-0194E18FA975}.Debug|Any CPU.Build.0 = Debug|Any CPU
		{930B24A8-91C4-465C-8ACB-0194E18FA975}.Release|Any CPU.ActiveCfg = Release|Any CPU
		{930B24A8-91C4-465C-8ACB-0194E18FA975}.Release|Any CPU.Build.0 = Release|Any CPU
		{E64762AD-AAFF-4D5C-B10B-171DD7481BFF}.Debug|Any CPU.ActiveCfg = Debug|Any CPU
		{E64762AD-AAFF-4D5C-B10B-171DD7481BFF}.Debug|Any CPU.Build.0 = Debug|Any CPU
		{E64762AD-AAFF-4D5C-B10B-171DD7481BFF}.Debug|Any CPU.Deploy.0 = Debug|Any CPU
		{E64762AD-AAFF-4D5C-B10B-171DD7481BFF}.Release|Any CPU.ActiveCfg = Release|Any CPU
		{E64762AD-AAFF-4D5C-B10B-171DD7481BFF}.Release|Any CPU.Build.0 = Release|Any CPU
		{E64762AD-AAFF-4D5C-B10B-171DD7481BFF}.Release|Any CPU.Deploy.0 = Release|Any CPU
		{ECAF22E5-62D6-4124-ADFC-E19A5FBC9AC9}.Debug|Any CPU.ActiveCfg = Debug|Any CPU
		{ECAF22E5-62D6-4124-ADFC-E19A5FBC9AC9}.Debug|Any CPU.Build.0 = Debug|Any CPU
		{ECAF22E5-62D6-4124-ADFC-E19A5FBC9AC9}.Release|Any CPU.ActiveCfg = Release|Any CPU
		{ECAF22E5-62D6-4124-ADFC-E19A5FBC9AC9}.Release|Any CPU.Build.0 = Release|Any CPU
	EndGlobalSection
	GlobalSection(SolutionProperties) = preSolution
		HideSolutionNode = FALSE
	EndGlobalSection
	GlobalSection(ExtensibilityGlobals) = postSolution
		SolutionGuid = {07DE067F-D8CD-445A-AE23-570B124E50CE}
	EndGlobalSection
EndGlobal
