
Microsoft Visual Studio Solution File, Format Version 12.00
# Visual Studio Version 17
VisualStudioVersion = 17.0.32014.148
MinimumVisualStudioVersion = 10.0.40219.1
Project("{9A19103F-16F7-4668-BE54-9A1E7A4F7556}") = "Email", "Email\Email.csproj", "{FC922450-ABA7-41B7-8C0E-996D2EED941E}"
EndProject
Project("{9A19103F-16F7-4668-BE54-9A1E7A4F7556}") = "ExtensionMethods", "ExtensionMethods\ExtensionMethods.csproj", "{A5671410-DBA1-4836-8D17-154FF4EF1CF7}"
EndProject
Project("{9A19103F-16F7-4668-BE54-9A1E7A4F7556}") = "Examples", "Examples\Examples.csproj", "{D97442C7-F357-469F-97BC-AE71C130E58F}"
EndProject
Project("{2150E333-8FDC-42A3-9474-1A3956D46DE8}") = "Solution Items", "Solution Items", "{334F0C80-E07B-4E09-AE2D-1F14EE50C7D2}"
EndProject
Project("{9A19103F-16F7-4668-BE54-9A1E7A4F7556}") = "PostJson", "PostJson\PostJson.csproj", "{049E88DC-C780-45A6-82FB-4D6F61C3E706}"
EndProject
Project("{FAE04EC0-301F-11D3-BF4B-00C04F79EFBC}") = "WcfService", "WcfService\WcfService.csproj", "{CF00E936-410E-4A74-BE39-B4636019A084}"
EndProject
Project("{9A19103F-16F7-4668-BE54-9A1E7A4F7556}") = "WindowsWebBrowser", "ChromiumWebBrowser\WindowsWebBrowser.csproj", "{19471F45-C026-4331-9DCB-DB0A850A7E43}"
EndProject
Project("{FAE04EC0-301F-11D3-BF4B-00C04F79EFBC}") = "WindowsService", "WindowsService\WindowsService.csproj", "{BFE1C9CC-609D-47A6-92E8-236B002ED0FD}"
EndProject
Global
	GlobalSection(SolutionConfigurationPlatforms) = preSolution
		Debug|Any CPU = Debug|Any CPU
		Release|Any CPU = Release|Any CPU
	EndGlobalSection
	GlobalSection(ProjectConfigurationPlatforms) = postSolution
		{FC922450-ABA7-41B7-8C0E-996D2EED941E}.Debug|Any CPU.ActiveCfg = Debug|Any CPU
		{FC922450-ABA7-41B7-8C0E-996D2EED941E}.Debug|Any CPU.Build.0 = Debug|Any CPU
		{FC922450-ABA7-41B7-8C0E-996D2EED941E}.Release|Any CPU.ActiveCfg = Release|Any CPU
		{FC922450-ABA7-41B7-8C0E-996D2EED941E}.Release|Any CPU.Build.0 = Release|Any CPU
		{A5671410-DBA1-4836-8D17-154FF4EF1CF7}.Debug|Any CPU.ActiveCfg = Debug|Any CPU
		{A5671410-DBA1-4836-8D17-154FF4EF1CF7}.Debug|Any CPU.Build.0 = Debug|Any CPU
		{A5671410-DBA1-4836-8D17-154FF4EF1CF7}.Release|Any CPU.ActiveCfg = Release|Any CPU
		{A5671410-DBA1-4836-8D17-154FF4EF1CF7}.Release|Any CPU.Build.0 = Release|Any CPU
		{D97442C7-F357-469F-97BC-AE71C130E58F}.Debug|Any CPU.ActiveCfg = Debug|Any CPU
		{D97442C7-F357-469F-97BC-AE71C130E58F}.Debug|Any CPU.Build.0 = Debug|Any CPU
		{D97442C7-F357-469F-97BC-AE71C130E58F}.Release|Any CPU.ActiveCfg = Release|Any CPU
		{D97442C7-F357-469F-97BC-AE71C130E58F}.Release|Any CPU.Build.0 = Release|Any CPU
		{049E88DC-C780-45A6-82FB-4D6F61C3E706}.Debug|Any CPU.ActiveCfg = Debug|Any CPU
		{049E88DC-C780-45A6-82FB-4D6F61C3E706}.Debug|Any CPU.Build.0 = Debug|Any CPU
		{049E88DC-C780-45A6-82FB-4D6F61C3E706}.Release|Any CPU.ActiveCfg = Release|Any CPU
		{049E88DC-C780-45A6-82FB-4D6F61C3E706}.Release|Any CPU.Build.0 = Release|Any CPU
		{CF00E936-410E-4A74-BE39-B4636019A084}.Debug|Any CPU.ActiveCfg = Debug|Any CPU
		{CF00E936-410E-4A74-BE39-B4636019A084}.Debug|Any CPU.Build.0 = Debug|Any CPU
		{CF00E936-410E-4A74-BE39-B4636019A084}.Release|Any CPU.ActiveCfg = Release|Any CPU
		{CF00E936-410E-4A74-BE39-B4636019A084}.Release|Any CPU.Build.0 = Release|Any CPU
		{19471F45-C026-4331-9DCB-DB0A850A7E43}.Debug|Any CPU.ActiveCfg = Debug|Any CPU
		{19471F45-C026-4331-9DCB-DB0A850A7E43}.Debug|Any CPU.Build.0 = Debug|Any CPU
		{19471F45-C026-4331-9DCB-DB0A850A7E43}.Release|Any CPU.ActiveCfg = Release|Any CPU
		{19471F45-C026-4331-9DCB-DB0A850A7E43}.Release|Any CPU.Build.0 = Release|Any CPU
		{BFE1C9CC-609D-47A6-92E8-236B002ED0FD}.Debug|Any CPU.ActiveCfg = Debug|Any CPU
		{BFE1C9CC-609D-47A6-92E8-236B002ED0FD}.Debug|Any CPU.Build.0 = Debug|Any CPU
		{BFE1C9CC-609D-47A6-92E8-236B002ED0FD}.Release|Any CPU.ActiveCfg = Release|Any CPU
		{BFE1C9CC-609D-47A6-92E8-236B002ED0FD}.Release|Any CPU.Build.0 = Release|Any CPU
	EndGlobalSection
	GlobalSection(SolutionProperties) = preSolution
		HideSolutionNode = FALSE
	EndGlobalSection
	GlobalSection(ExtensibilityGlobals) = postSolution
		SolutionGuid = {07DE067F-D8CD-445A-AE23-570B124E50CE}
	EndGlobalSection
EndGlobal
