
Microsoft Visual Studio Solution File, Format Version 12.00
# Visual Studio Version 17
VisualStudioVersion = 17.0.32014.148
MinimumVisualStudioVersion = 10.0.40219.1
Project("{9A19103F-16F7-4668-BE54-9A1E7A4F7556}") = "Email", "Email\Email.csproj", "{FC922450-ABA7-41B7-8C0E-996D2EED941E}"
EndProject
Project("{9A19103F-16F7-4668-BE54-9A1E7A4F7556}") = "ExtensionMethods", "ExtensionMethods\ExtensionMethods.csproj", "{A5671410-DBA1-4836-8D17-154FF4EF1CF7}"
EndProject
Project("{9A19103F-16F7-4668-BE54-9A1E7A4F7556}") = "Examples", "Examples\Examples.csproj", "{D97442C7-F357-469F-97BC-AE71C130E58F}"
EndProject
Project("{2150E333-8FDC-42A3-9474-1A3956D46DE8}") = "Solution Items", "Solution Items", "{334F0C80-E07B-4E09-AE2D-1F14EE50C7D2}"
	ProjectSection(SolutionItems) = preProject
		.editorconfig = .editorconfig
	EndProjectSection
EndProject
Project("{9A19103F-16F7-4668-BE54-9A1E7A4F7556}") = "PostJson", "PostJson\PostJson.csproj", "{049E88DC-C780-45A6-82FB-4D6F61C3E706}"
EndProject
Project("{FAE04EC0-301F-11D3-BF4B-00C04F79EFBC}") = "WcfService", "WcfService\WcfService.csproj", "{CF00E936-410E-4A74-BE39-B4636019A084}"
EndProject
Project("{9A19103F-16F7-4668-BE54-9A1E7A4F7556}") = "WindowsWebBrowser", "ChromiumWebBrowser\WindowsWebBrowser.csproj", "{19471F45-C026-4331-9DCB-DB0A850A7E43}"
EndProject
Project("{FAE04EC0-301F-11D3-BF4B-00C04F79EFBC}") = "WindowsService", "WindowsService\WindowsService.csproj", "{BFE1C9CC-609D-47A6-92E8-236B002ED0FD}"
EndProject
Project("{9A19103F-16F7-4668-BE54-9A1E7A4F7556}") = "WebApi", "WebApi\WebApi.csproj", "{867D227E-5602-4D1A-927F-A2761ABFD9A3}"
EndProject
Project("{9A19103F-16F7-4668-BE54-9A1E7A4F7556}") = "Encryption", "Encryption\Encryption.csproj", "{A653C65C-EB3A-4326-B9E6-CF21FAB5302B}"
EndProject
Project("{FAE04EC0-301F-11D3-BF4B-00C04F79EFBC}") = "AspNetApplication", "AspNetApplication\AspNetApplication.csproj", "{68206F1D-39BA-4CB0-938F-477719A3DAF0}"
EndProject
Project("{9A19103F-16F7-4668-BE54-9A1E7A4F7556}") = "TreeView", "TreeView\TreeView\TreeView.csproj", "{930B24A8-91C4-465C-8ACB-0194E18FA975}"
EndProject
Project("{00D1A9C2-B5F0-4AF3-8072-F6C62B433612}") = "SqlSnippets", "SqlSnippets\SqlSnippets.sqlproj", "{E64762AD-AAFF-4D5C-B10B-171DD7481BFF}"
EndProject
Project("{9A19103F-16F7-4668-BE54-9A1E7A4F7556}") = "Encryptions", "Encryptions\Encryptions.csproj", "{ECAF22E5-62D6-4124-ADFC-E19A5FBC9AC9}"
EndProject
Project("{9A19103F-16F7-4668-BE54-9A1E7A4F7556}") = "Metronome", "Metronome\Metronome.csproj", "{93470DB0-D849-4DCC-8FB5-539CEBA3FC3D}"
EndProject
Project("{FAE04EC0-301F-11D3-BF4B-00C04F79EFBC}") = "TelerikDemo", "..\TelerikDemo\TelerikDemo.csproj", "{EE810AC1-35A0-4254-B289-B5C15DDDAF1B}"
EndProject
Project("{FAE04EC0-301F-11D3-BF4B-00C04F79EFBC}") = "AspNetWebApplication", "Asp.NetWebApplication\AspNetWebApplication.csproj", "{D7242623-9848-4CC9-AAB1-9D6B93942A6C}"
EndProject
Project("{9A19103F-16F7-4668-BE54-9A1E7A4F7556}") = "TimeOut", "TimeOut\TimeOut.csproj", "{98C42D4F-57A3-49ED-B1FD-A05D9BCDB95D}"
EndProject
Project("{9A19103F-16F7-4668-BE54-9A1E7A4F7556}") = "TimeOutFramwork4.0", "TimeOutFramwork4.0\TimeOutFramwork4.0.csproj", "{FE60A7CC-2CF5-4FDC-948E-1990ED0ABFF6}"
EndProject
Project("{E24C65DC-7377-472B-9ABA-BC803B73C61A}") = "WebSite", "WebSite\", "{B01AA061-AFBB-49EE-A55D-067362725866}"
	ProjectSection(WebsiteProperties) = preProject
		TargetFrameworkMoniker = ".NETFramework,Version%3Dv4.8"
		ProjectReferences = ""
		Debug.AspNetCompiler.VirtualPath = "/localhost_57675"
		Debug.AspNetCompiler.PhysicalPath = "WebSite\"
		Debug.AspNetCompiler.TargetPath = "PrecompiledWeb\localhost_57675\"
		Debug.AspNetCompiler.Updateable = "true"
		Debug.AspNetCompiler.ForceOverwrite = "true"
		Debug.AspNetCompiler.FixedNames = "false"
		Debug.AspNetCompiler.Debug = "True"
		Release.AspNetCompiler.VirtualPath = "/localhost_57675"
		Release.AspNetCompiler.PhysicalPath = "WebSite\"
		Release.AspNetCompiler.TargetPath = "PrecompiledWeb\localhost_57675\"
		Release.AspNetCompiler.Updateable = "true"
		Release.AspNetCompiler.ForceOverwrite = "true"
		Release.AspNetCompiler.FixedNames = "false"
		Release.AspNetCompiler.Debug = "False"
		VWDPort = "57675"
		SlnRelativePath = "WebSite\"
		DefaultWebSiteLanguage = "Visual C#"
	EndProjectSection
EndProject
Project("{FAE04EC0-301F-11D3-BF4B-00C04F79EFBC}") = "SqlTester", "SqlTester\SqlTester.csproj", "{FAAEC07C-8DA0-4138-8361-2CC2A89C7224}"
EndProject
Project("{FAE04EC0-301F-11D3-BF4B-00C04F79EFBC}") = "ApiTest", "ApiTest\ApiTest.csproj", "{FED4F2AE-79A1-47C4-A318-0725C96C1E58}"
EndProject
Project("{FAE04EC0-301F-11D3-BF4B-00C04F79EFBC}") = "UtilitiesForm", "UtilitiesForm\UtilitiesForm.csproj", "{5AB2C914-EF5C-4887-AA7E-4DEA13AB6029}"
EndProject
Project("{9A19103F-16F7-4668-BE54-9A1E7A4F7556}") = "HtmlHelper", "HtmlHelper\HtmlHelper.csproj", "{4CDFC6B6-2429-49D6-A928-9D8B347E931C}"
EndProject
Project("{E24C65DC-7377-472B-9ABA-BC803B73C61A}") = "GeneralTestWebSite", "GeneralTestWebSite\", "{9E44AF35-4C7D-41F2-B298-02EFE2856FDD}"
	ProjectSection(WebsiteProperties) = preProject
		TargetFrameworkMoniker = ".NETFramework,Version%3Dv4.8"
		ProjectReferences = "{591512f2-5f53-4e9c-b5e5-7d920c8c24df}|HelperClasses.dll;"
		Debug.AspNetCompiler.VirtualPath = "/localhost_59238"
		Debug.AspNetCompiler.PhysicalPath = "GeneralTestWebSite\"
		Debug.AspNetCompiler.TargetPath = "PrecompiledWeb\localhost_59238\"
		Debug.AspNetCompiler.Updateable = "true"
		Debug.AspNetCompiler.ForceOverwrite = "true"
		Debug.AspNetCompiler.FixedNames = "false"
		Debug.AspNetCompiler.Debug = "True"
		Release.AspNetCompiler.VirtualPath = "/localhost_59238"
		Release.AspNetCompiler.PhysicalPath = "GeneralTestWebSite\"
		Release.AspNetCompiler.TargetPath = "PrecompiledWeb\localhost_59238\"
		Release.AspNetCompiler.Updateable = "true"
		Release.AspNetCompiler.ForceOverwrite = "true"
		Release.AspNetCompiler.FixedNames = "false"
		Release.AspNetCompiler.Debug = "False"
		VWDPort = "59238"
		SlnRelativePath = "GeneralTestWebSite\"
		DefaultWebSiteLanguage = "Visual C#"
	EndProjectSection
EndProject
Project("{FAE04EC0-301F-11D3-BF4B-00C04F79EFBC}") = "HelperClasses", "HelperClasses\HelperClasses.csproj", "{591512F2-5F53-4E9C-B5E5-7D920C8C24DF}"
EndProject
Project("{9A19103F-16F7-4668-BE54-9A1E7A4F7556}") = "ConsoleApp", "ConsoleApp\ConsoleApp.csproj", "{2C31E8EE-33B4-4E29-83A0-0179A451440C}"
EndProject
Project("{FAE04EC0-301F-11D3-BF4B-00C04F79EFBC}") = "Winforms", "Winforms\Winforms.csproj", "{9C8382D4-0565-4A87-9BD2-E27EF013ACFC}"
EndProject
Global
	GlobalSection(SolutionConfigurationPlatforms) = preSolution
		Debug|Any CPU = Debug|Any CPU
		Release|Any CPU = Release|Any CPU
	EndGlobalSection
	GlobalSection(ProjectConfigurationPlatforms) = postSolution
		{FC922450-ABA7-41B7-8C0E-996D2EED941E}.Debug|Any CPU.ActiveCfg = Debug|Any CPU
		{FC922450-ABA7-41B7-8C0E-996D2EED941E}.Debug|Any CPU.Build.0 = Debug|Any CPU
		{FC922450-ABA7-41B7-8C0E-996D2EED941E}.Release|Any CPU.ActiveCfg = Release|Any CPU
		{FC922450-ABA7-41B7-8C0E-996D2EED941E}.Release|Any CPU.Build.0 = Release|Any CPU
		{A5671410-DBA1-4836-8D17-154FF4EF1CF7}.Debug|Any CPU.ActiveCfg = Debug|Any CPU
		{A5671410-DBA1-4836-8D17-154FF4EF1CF7}.Debug|Any CPU.Build.0 = Debug|Any CPU
		{A5671410-DBA1-4836-8D17-154FF4EF1CF7}.Release|Any CPU.ActiveCfg = Release|Any CPU
		{A5671410-DBA1-4836-8D17-154FF4EF1CF7}.Release|Any CPU.Build.0 = Release|Any CPU
		{D97442C7-F357-469F-97BC-AE71C130E58F}.Debug|Any CPU.ActiveCfg = Debug|Any CPU
		{D97442C7-F357-469F-97BC-AE71C130E58F}.Debug|Any CPU.Build.0 = Debug|Any CPU
		{D97442C7-F357-469F-97BC-AE71C130E58F}.Release|Any CPU.ActiveCfg = Release|Any CPU
		{D97442C7-F357-469F-97BC-AE71C130E58F}.Release|Any CPU.Build.0 = Release|Any CPU
		{049E88DC-C780-45A6-82FB-4D6F61C3E706}.Debug|Any CPU.ActiveCfg = Debug|Any CPU
		{049E88DC-C780-45A6-82FB-4D6F61C3E706}.Debug|Any CPU.Build.0 = Debug|Any CPU
		{049E88DC-C780-45A6-82FB-4D6F61C3E706}.Release|Any CPU.ActiveCfg = Release|Any CPU
		{049E88DC-C780-45A6-82FB-4D6F61C3E706}.Release|Any CPU.Build.0 = Release|Any CPU
		{CF00E936-410E-4A74-BE39-B4636019A084}.Debug|Any CPU.ActiveCfg = Debug|Any CPU
		{CF00E936-410E-4A74-BE39-B4636019A084}.Debug|Any CPU.Build.0 = Debug|Any CPU
		{CF00E936-410E-4A74-BE39-B4636019A084}.Release|Any CPU.ActiveCfg = Release|Any CPU
		{CF00E936-410E-4A74-BE39-B4636019A084}.Release|Any CPU.Build.0 = Release|Any CPU
		{19471F45-C026-4331-9DCB-DB0A850A7E43}.Debug|Any CPU.ActiveCfg = Debug|Any CPU
		{19471F45-C026-4331-9DCB-DB0A850A7E43}.Debug|Any CPU.Build.0 = Debug|Any CPU
		{19471F45-C026-4331-9DCB-DB0A850A7E43}.Release|Any CPU.ActiveCfg = Release|Any CPU
		{19471F45-C026-4331-9DCB-DB0A850A7E43}.Release|Any CPU.Build.0 = Release|Any CPU
		{BFE1C9CC-609D-47A6-92E8-236B002ED0FD}.Debug|Any CPU.ActiveCfg = Debug|Any CPU
		{BFE1C9CC-609D-47A6-92E8-236B002ED0FD}.Debug|Any CPU.Build.0 = Debug|Any CPU
		{BFE1C9CC-609D-47A6-92E8-236B002ED0FD}.Release|Any CPU.ActiveCfg = Release|Any CPU
		{BFE1C9CC-609D-47A6-92E8-236B002ED0FD}.Release|Any CPU.Build.0 = Release|Any CPU
		{867D227E-5602-4D1A-927F-A2761ABFD9A3}.Debug|Any CPU.ActiveCfg = Debug|Any CPU
		{867D227E-5602-4D1A-927F-A2761ABFD9A3}.Debug|Any CPU.Build.0 = Debug|Any CPU
		{867D227E-5602-4D1A-927F-A2761ABFD9A3}.Release|Any CPU.ActiveCfg = Release|Any CPU
		{867D227E-5602-4D1A-927F-A2761ABFD9A3}.Release|Any CPU.Build.0 = Release|Any CPU
		{A653C65C-EB3A-4326-B9E6-CF21FAB5302B}.Debug|Any CPU.ActiveCfg = Debug|Any CPU
		{A653C65C-EB3A-4326-B9E6-CF21FAB5302B}.Debug|Any CPU.Build.0 = Debug|Any CPU
		{A653C65C-EB3A-4326-B9E6-CF21FAB5302B}.Release|Any CPU.ActiveCfg = Release|Any CPU
		{A653C65C-EB3A-4326-B9E6-CF21FAB5302B}.Release|Any CPU.Build.0 = Release|Any CPU
		{68206F1D-39BA-4CB0-938F-477719A3DAF0}.Debug|Any CPU.ActiveCfg = Debug|Any CPU
		{68206F1D-39BA-4CB0-938F-477719A3DAF0}.Debug|Any CPU.Build.0 = Debug|Any CPU
		{68206F1D-39BA-4CB0-938F-477719A3DAF0}.Release|Any CPU.ActiveCfg = Release|Any CPU
		{68206F1D-39BA-4CB0-938F-477719A3DAF0}.Release|Any CPU.Build.0 = Release|Any CPU
		{930B24A8-91C4-465C-8ACB-0194E18FA975}.Debug|Any CPU.ActiveCfg = Debug|Any CPU
		{930B24A8-91C4-465C-8ACB-0194E18FA975}.Debug|Any CPU.Build.0 = Debug|Any CPU
		{930B24A8-91C4-465C-8ACB-0194E18FA975}.Release|Any CPU.ActiveCfg = Release|Any CPU
		{930B24A8-91C4-465C-8ACB-0194E18FA975}.Release|Any CPU.Build.0 = Release|Any CPU
		{E64762AD-AAFF-4D5C-B10B-171DD7481BFF}.Debug|Any CPU.ActiveCfg = Debug|Any CPU
		{E64762AD-AAFF-4D5C-B10B-171DD7481BFF}.Debug|Any CPU.Build.0 = Debug|Any CPU
		{E64762AD-AAFF-4D5C-B10B-171DD7481BFF}.Debug|Any CPU.Deploy.0 = Debug|Any CPU
		{E64762AD-AAFF-4D5C-B10B-171DD7481BFF}.Release|Any CPU.ActiveCfg = Release|Any CPU
		{E64762AD-AAFF-4D5C-B10B-171DD7481BFF}.Release|Any CPU.Build.0 = Release|Any CPU
		{E64762AD-AAFF-4D5C-B10B-171DD7481BFF}.Release|Any CPU.Deploy.0 = Release|Any CPU
		{ECAF22E5-62D6-4124-ADFC-E19A5FBC9AC9}.Debug|Any CPU.ActiveCfg = Debug|Any CPU
		{ECAF22E5-62D6-4124-ADFC-E19A5FBC9AC9}.Debug|Any CPU.Build.0 = Debug|Any CPU
		{ECAF22E5-62D6-4124-ADFC-E19A5FBC9AC9}.Release|Any CPU.ActiveCfg = Release|Any CPU
		{ECAF22E5-62D6-4124-ADFC-E19A5FBC9AC9}.Release|Any CPU.Build.0 = Release|Any CPU
		{93470DB0-D849-4DCC-8FB5-539CEBA3FC3D}.Debug|Any CPU.ActiveCfg = Debug|Any CPU
		{93470DB0-D849-4DCC-8FB5-539CEBA3FC3D}.Debug|Any CPU.Build.0 = Debug|Any CPU
		{93470DB0-D849-4DCC-8FB5-539CEBA3FC3D}.Release|Any CPU.ActiveCfg = Release|Any CPU
		{93470DB0-D849-4DCC-8FB5-539CEBA3FC3D}.Release|Any CPU.Build.0 = Release|Any CPU
		{EE810AC1-35A0-4254-B289-B5C15DDDAF1B}.Debug|Any CPU.ActiveCfg = Debug|Any CPU
		{EE810AC1-35A0-4254-B289-B5C15DDDAF1B}.Debug|Any CPU.Build.0 = Debug|Any CPU
		{EE810AC1-35A0-4254-B289-B5C15DDDAF1B}.Release|Any CPU.ActiveCfg = Release|Any CPU
		{EE810AC1-35A0-4254-B289-B5C15DDDAF1B}.Release|Any CPU.Build.0 = Release|Any CPU
		{D7242623-9848-4CC9-AAB1-9D6B93942A6C}.Debug|Any CPU.ActiveCfg = Debug|Any CPU
		{D7242623-9848-4CC9-AAB1-9D6B93942A6C}.Debug|Any CPU.Build.0 = Debug|Any CPU
		{D7242623-9848-4CC9-AAB1-9D6B93942A6C}.Release|Any CPU.ActiveCfg = Release|Any CPU
		{D7242623-9848-4CC9-AAB1-9D6B93942A6C}.Release|Any CPU.Build.0 = Release|Any CPU
		{98C42D4F-57A3-49ED-B1FD-A05D9BCDB95D}.Debug|Any CPU.ActiveCfg = Debug|Any CPU
		{98C42D4F-57A3-49ED-B1FD-A05D9BCDB95D}.Debug|Any CPU.Build.0 = Debug|Any CPU
		{98C42D4F-57A3-49ED-B1FD-A05D9BCDB95D}.Release|Any CPU.ActiveCfg = Release|Any CPU
		{98C42D4F-57A3-49ED-B1FD-A05D9BCDB95D}.Release|Any CPU.Build.0 = Release|Any CPU
		{FE60A7CC-2CF5-4FDC-948E-1990ED0ABFF6}.Debug|Any CPU.ActiveCfg = Debug|Any CPU
		{FE60A7CC-2CF5-4FDC-948E-1990ED0ABFF6}.Debug|Any CPU.Build.0 = Debug|Any CPU
		{FE60A7CC-2CF5-4FDC-948E-1990ED0ABFF6}.Release|Any CPU.ActiveCfg = Release|Any CPU
		{FE60A7CC-2CF5-4FDC-948E-1990ED0ABFF6}.Release|Any CPU.Build.0 = Release|Any CPU
		{B01AA061-AFBB-49EE-A55D-067362725866}.Debug|Any CPU.ActiveCfg = Debug|Any CPU
		{B01AA061-AFBB-49EE-A55D-067362725866}.Debug|Any CPU.Build.0 = Debug|Any CPU
		{B01AA061-AFBB-49EE-A55D-067362725866}.Release|Any CPU.ActiveCfg = Debug|Any CPU
		{B01AA061-AFBB-49EE-A55D-067362725866}.Release|Any CPU.Build.0 = Debug|Any CPU
		{FAAEC07C-8DA0-4138-8361-2CC2A89C7224}.Debug|Any CPU.ActiveCfg = Debug|Any CPU
		{FAAEC07C-8DA0-4138-8361-2CC2A89C7224}.Debug|Any CPU.Build.0 = Debug|Any CPU
		{FAAEC07C-8DA0-4138-8361-2CC2A89C7224}.Release|Any CPU.ActiveCfg = Release|Any CPU
		{FAAEC07C-8DA0-4138-8361-2CC2A89C7224}.Release|Any CPU.Build.0 = Release|Any CPU
		{FED4F2AE-79A1-47C4-A318-0725C96C1E58}.Debug|Any CPU.ActiveCfg = Debug|Any CPU
		{FED4F2AE-79A1-47C4-A318-0725C96C1E58}.Debug|Any CPU.Build.0 = Debug|Any CPU
		{FED4F2AE-79A1-47C4-A318-0725C96C1E58}.Release|Any CPU.ActiveCfg = Release|Any CPU
		{FED4F2AE-79A1-47C4-A318-0725C96C1E58}.Release|Any CPU.Build.0 = Release|Any CPU
		{5AB2C914-EF5C-4887-AA7E-4DEA13AB6029}.Debug|Any CPU.ActiveCfg = Debug|Any CPU
		{5AB2C914-EF5C-4887-AA7E-4DEA13AB6029}.Debug|Any CPU.Build.0 = Debug|Any CPU
		{5AB2C914-EF5C-4887-AA7E-4DEA13AB6029}.Release|Any CPU.ActiveCfg = Release|Any CPU
		{5AB2C914-EF5C-4887-AA7E-4DEA13AB6029}.Release|Any CPU.Build.0 = Release|Any CPU
		{4CDFC6B6-2429-49D6-A928-9D8B347E931C}.Debug|Any CPU.ActiveCfg = Debug|Any CPU
		{4CDFC6B6-2429-49D6-A928-9D8B347E931C}.Debug|Any CPU.Build.0 = Debug|Any CPU
		{4CDFC6B6-2429-49D6-A928-9D8B347E931C}.Release|Any CPU.ActiveCfg = Release|Any CPU
		{4CDFC6B6-2429-49D6-A928-9D8B347E931C}.Release|Any CPU.Build.0 = Release|Any CPU
		{9E44AF35-4C7D-41F2-B298-02EFE2856FDD}.Debug|Any CPU.ActiveCfg = Debug|Any CPU
		{9E44AF35-4C7D-41F2-B298-02EFE2856FDD}.Debug|Any CPU.Build.0 = Debug|Any CPU
		{9E44AF35-4C7D-41F2-B298-02EFE2856FDD}.Release|Any CPU.ActiveCfg = Debug|Any CPU
		{9E44AF35-4C7D-41F2-B298-02EFE2856FDD}.Release|Any CPU.Build.0 = Debug|Any CPU
		{591512F2-5F53-4E9C-B5E5-7D920C8C24DF}.Debug|Any CPU.ActiveCfg = Debug|Any CPU
		{591512F2-5F53-4E9C-B5E5-7D920C8C24DF}.Debug|Any CPU.Build.0 = Debug|Any CPU
		{591512F2-5F53-4E9C-B5E5-7D920C8C24DF}.Release|Any CPU.ActiveCfg = Release|Any CPU
		{591512F2-5F53-4E9C-B5E5-7D920C8C24DF}.Release|Any CPU.Build.0 = Release|Any CPU
		{2C31E8EE-33B4-4E29-83A0-0179A451440C}.Debug|Any CPU.ActiveCfg = Debug|Any CPU
		{2C31E8EE-33B4-4E29-83A0-0179A451440C}.Debug|Any CPU.Build.0 = Debug|Any CPU
		{2C31E8EE-33B4-4E29-83A0-0179A451440C}.Release|Any CPU.ActiveCfg = Release|Any CPU
		{2C31E8EE-33B4-4E29-83A0-0179A451440C}.Release|Any CPU.Build.0 = Release|Any CPU
		{9C8382D4-0565-4A87-9BD2-E27EF013ACFC}.Debug|Any CPU.ActiveCfg = Debug|Any CPU
		{9C8382D4-0565-4A87-9BD2-E27EF013ACFC}.Debug|Any CPU.Build.0 = Debug|Any CPU
		{9C8382D4-0565-4A87-9BD2-E27EF013ACFC}.Release|Any CPU.ActiveCfg = Release|Any CPU
		{9C8382D4-0565-4A87-9BD2-E27EF013ACFC}.Release|Any CPU.Build.0 = Release|Any CPU
	EndGlobalSection
	GlobalSection(SolutionProperties) = preSolution
		HideSolutionNode = FALSE
	EndGlobalSection
	GlobalSection(ExtensibilityGlobals) = postSolution
		SolutionGuid = {07DE067F-D8CD-445A-AE23-570B124E50CE}
	EndGlobalSection
EndGlobal
