
Microsoft Visual Studio Solution File, Format Version 12.00
# Visual Studio Version 17
VisualStudioVersion = 17.0.32014.148
MinimumVisualStudioVersion = 10.0.40219.1
Project("{2150E333-8FDC-42A3-9474-1A3956D46DE8}") = "Solution Items", "Solution Items", "{334F0C80-E07B-4E09-AE2D-1F14EE50C7D2}"
	ProjectSection(SolutionItems) = preProject
		..\.editorconfig = ..\.editorconfig
	EndProjectSection
EndProject
Project("{FAE04EC0-301F-11D3-BF4B-00C04F79EFBC}") = "Winforms", "Winforms.csproj", "{9C8382D4-0565-4A87-9BD2-E27EF013ACFC}"
EndProject
Global
	GlobalSection(SolutionConfigurationPlatforms) = preSolution
		Debug|Any CPU = Debug|Any CPU
		Release|Any CPU = Release|Any CPU
	EndGlobalSection
	GlobalSection(ProjectConfigurationPlatforms) = postSolution
		{9C8382D4-0565-4A87-9BD2-E27EF013ACFC}.Debug|Any CPU.ActiveCfg = Debug|Any CPU
		{9C8382D4-0565-4A87-9BD2-E27EF013ACFC}.Debug|Any CPU.Build.0 = Debug|Any CPU
		{9C8382D4-0565-4A87-9BD2-E27EF013ACFC}.Release|Any CPU.ActiveCfg = Release|Any CPU
		{9C8382D4-0565-4A87-9BD2-E27EF013ACFC}.Release|Any CPU.Build.0 = Release|Any CPU
	EndGlobalSection
	GlobalSection(SolutionProperties) = preSolution
		HideSolutionNode = FALSE
	EndGlobalSection
	GlobalSection(ExtensibilityGlobals) = postSolution
		SolutionGuid = {07DE067F-D8CD-445A-AE23-570B124E50CE}
	EndGlobalSection
EndGlobal
